
Microsoft Visual Studio Solution File, Format Version 12.00
Project("{FAE04EC0-301F-11D3-BF4B-00C04F79EFBC}") = "InMeal.Api", "InMeal.Api\InMeal.Api.csproj", "{9F326232-A702-4340-9279-22E7BF8EEC85}"
EndProject
Project("{FAE04EC0-301F-11D3-BF4B-00C04F79EFBC}") = "InMeal.Core", "InMeal.Core\InMeal.Core.csproj", "{2191AB19-DDE2-44D6-9A04-5928EB21A879}"
EndProject
Project("{FAE04EC0-301F-11D3-BF4B-00C04F79EFBC}") = "InMeal.Infrastructure", "InMeal.Infrastructure\InMeal.Infrastructure.csproj", "{8C999C42-C04A-4AF5-8F02-A17957564148}"
EndProject
Project("{FAE04EC0-301F-11D3-BF4B-00C04F79EFBC}") = "Configuration", "Configuration\Configuration.csproj", "{C17C34D2-0C4E-4106-90CB-7DCC1A38D635}"
EndProject
Global
	GlobalSection(SolutionConfigurationPlatforms) = preSolution
		Debug|Any CPU = Debug|Any CPU
		Release|Any CPU = Release|Any CPU
	EndGlobalSection
	GlobalSection(ProjectConfigurationPlatforms) = postSolution
		{9F326232-A702-4340-9279-22E7BF8EEC85}.Debug|Any CPU.ActiveCfg = Debug|Any CPU
		{9F326232-A702-4340-9279-22E7BF8EEC85}.Debug|Any CPU.Build.0 = Debug|Any CPU
		{9F326232-A702-4340-9279-22E7BF8EEC85}.Release|Any CPU.ActiveCfg = Release|Any CPU
		{9F326232-A702-4340-9279-22E7BF8EEC85}.Release|Any CPU.Build.0 = Release|Any CPU
		{2191AB19-DDE2-44D6-9A04-5928EB21A879}.Debug|Any CPU.ActiveCfg = Debug|Any CPU
		{2191AB19-DDE2-44D6-9A04-5928EB21A879}.Debug|Any CPU.Build.0 = Debug|Any CPU
		{2191AB19-DDE2-44D6-9A04-5928EB21A879}.Release|Any CPU.ActiveCfg = Release|Any CPU
		{2191AB19-DDE2-44D6-9A04-5928EB21A879}.Release|Any CPU.Build.0 = Release|Any CPU
		{8C999C42-C04A-4AF5-8F02-A17957564148}.Debug|Any CPU.ActiveCfg = Debug|Any CPU
		{8C999C42-C04A-4AF5-8F02-A17957564148}.Debug|Any CPU.Build.0 = Debug|Any CPU
		{8C999C42-C04A-4AF5-8F02-A17957564148}.Release|Any CPU.ActiveCfg = Release|Any CPU
		{8C999C42-C04A-4AF5-8F02-A17957564148}.Release|Any CPU.Build.0 = Release|Any CPU
		{C17C34D2-0C4E-4106-90CB-7DCC1A38D635}.Debug|Any CPU.ActiveCfg = Debug|Any CPU
		{C17C34D2-0C4E-4106-90CB-7DCC1A38D635}.Debug|Any CPU.Build.0 = Debug|Any CPU
		{C17C34D2-0C4E-4106-90CB-7DCC1A38D635}.Release|Any CPU.ActiveCfg = Release|Any CPU
		{C17C34D2-0C4E-4106-90CB-7DCC1A38D635}.Release|Any CPU.Build.0 = Release|Any CPU
	EndGlobalSection
EndGlobal
